
Microsoft Visual Studio Solution File, Format Version 12.00
# Visual Studio Version 17
VisualStudioVersion = 17.9.34728.123
MinimumVisualStudioVersion = 10.0.40219.1
Project("{FAE04EC0-301F-11D3-BF4B-00C04F79EFBC}") = "R29_ACT3", "R29_ACT3\R29_ACT3.csproj", "{C33CB74E-6497-40B3-8D24-5DE4F2A4E95F}"
EndProject
Global
	GlobalSection(SolutionConfigurationPlatforms) = preSolution
		Debug|Any CPU = Debug|Any CPU
		Release|Any CPU = Release|Any CPU
	EndGlobalSection
	GlobalSection(ProjectConfigurationPlatforms) = postSolution
		{C33CB74E-6497-40B3-8D24-5DE4F2A4E95F}.Debug|Any CPU.ActiveCfg = Debug|Any CPU
		{C33CB74E-6497-40B3-8D24-5DE4F2A4E95F}.Debug|Any CPU.Build.0 = Debug|Any CPU
		{C33CB74E-6497-40B3-8D24-5DE4F2A4E95F}.Release|Any CPU.ActiveCfg = Release|Any CPU
		{C33CB74E-6497-40B3-8D24-5DE4F2A4E95F}.Release|Any CPU.Build.0 = Release|Any CPU
	EndGlobalSection
	GlobalSection(SolutionProperties) = preSolution
		HideSolutionNode = FALSE
	EndGlobalSection
	GlobalSection(ExtensibilityGlobals) = postSolution
		SolutionGuid = {0926EA1D-1A37-4481-8FB4-C6ACA834F22E}
	EndGlobalSection
EndGlobal
